
Microsoft Visual Studio Solution File, Format Version 12.00
# Visual Studio Version 16
VisualStudioVersion = 16.0.30804.86
MinimumVisualStudioVersion = 10.0.40219.1
Project("{FAE04EC0-301F-11D3-BF4B-00C04F79EFBC}") = "CSGOWPF", "CSGOWPF\CSGOWPF.csproj", "{7C23E076-2058-4E74-9ADF-3E828FD4A50C}"
EndProject
Global
	GlobalSection(SolutionConfigurationPlatforms) = preSolution
		Debug|Any CPU = Debug|Any CPU
		Release|Any CPU = Release|Any CPU
	EndGlobalSection
	GlobalSection(ProjectConfigurationPlatforms) = postSolution
		{7C23E076-2058-4E74-9ADF-3E828FD4A50C}.Debug|Any CPU.ActiveCfg = Debug|Any CPU
		{7C23E076-2058-4E74-9ADF-3E828FD4A50C}.Debug|Any CPU.Build.0 = Debug|Any CPU
		{7C23E076-2058-4E74-9ADF-3E828FD4A50C}.Release|Any CPU.ActiveCfg = Release|Any CPU
		{7C23E076-2058-4E74-9ADF-3E828FD4A50C}.Release|Any CPU.Build.0 = Release|Any CPU
	EndGlobalSection
	GlobalSection(SolutionProperties) = preSolution
		HideSolutionNode = FALSE
	EndGlobalSection
	GlobalSection(ExtensibilityGlobals) = postSolution
		SolutionGuid = {763342E8-4EA2-4824-8606-79B7111D6023}
	EndGlobalSection
EndGlobal
